<?xml version="1.0" encoding="utf-8"?>
<Project ToolsVersion="4.0" xmlns="http://schemas.microsoft.com/developer/msbuild/2003">
  <ItemGroup>
    <Filter Include="Source Files">
      <UniqueIdentifier>{3246a8a0-e213-4353-97ec-78d37f3a7a04}</UniqueIdentifier>
      <Extensions>cpp;c;cxx;rc;def;r;odl;idl;hpj;bat;for;f90</Extensions>
    </Filter>
    <Filter Include="Header Files">
      <UniqueIdentifier>{fd7cf345-ab18-410b-bcb8-e21db083fc48}</UniqueIdentifier>
      <Extensions>h;hpp;hxx;hm;inl;fi;fd</Extensions>
    </Filter>
    <Filter Include="Source Files\Resource Files">
      <UniqueIdentifier>{c802f2ac-929f-49f4-9f81-1363b5835829}</UniqueIdentifier>
      <Extensions>ico;cur;bmp;dlg;rc2;rct;bin;cnt;rtf;gif;jpg;jpeg;jpe</Extensions>
    </Filter>
  </ItemGroup>
  <ItemGroup>
    <ClCompile Include="../cl_dll/ammo.cpp">
      <Filter>Source Files</Filter>
    </ClCompile>
    <ClCompile Include="../cl_dll/ammo_secondary.cpp">
      <Filter>Source Files</Filter>
    </ClCompile>
    <ClCompile Include="../cl_dll/ammohistory.cpp">
      <Filter>Source Files</Filter>
    </ClCompile>
    <ClCompile Include="../cl_dll/battery.cpp">
      <Filter>Source Files</Filter>
    </ClCompile>
    <ClCompile Include="../cl_dll/cdll_int.cpp">
      <Filter>Source Files</Filter>
    </ClCompile>
    <ClCompile Include="../cl_dll/death.cpp">
      <Filter>Source Files</Filter>
    </ClCompile>
    <ClCompile Include="../cl_dll/flashlight.cpp">
      <Filter>Source Files</Filter>
    </ClCompile>
    <ClCompile Include="../cl_dll/geiger.cpp">
      <Filter>Source Files</Filter>
    </ClCompile>
    <ClCompile Include="../cl_dll/health.cpp">
      <Filter>Source Files</Filter>
    </ClCompile>
    <ClCompile Include="../cl_dll/hud.cpp">
      <Filter>Source Files</Filter>
    </ClCompile>
    <ClCompile Include="../cl_dll/hud_msg.cpp">
      <Filter>Source Files</Filter>
    </ClCompile>
    <ClCompile Include="../cl_dll/hud_redraw.cpp">
      <Filter>Source Files</Filter>
    </ClCompile>
    <ClCompile Include="../cl_dll/hud_update.cpp">
      <Filter>Source Files</Filter>
    </ClCompile>
    <ClCompile Include="../cl_dll/menu.cpp">
      <Filter>Source Files</Filter>
    </ClCompile>
    <ClCompile Include="../cl_dll/message.cpp">
      <Filter>Source Files</Filter>
    </ClCompile>
    <ClCompile Include="../cl_dll/parsemsg.cpp">
      <Filter>Source Files</Filter>
    </ClCompile>
    <ClCompile Include="../cl_dll/saytext.cpp">
      <Filter>Source Files</Filter>
    </ClCompile>
    <ClCompile Include="../cl_dll/status_icons.cpp">
      <Filter>Source Files</Filter>
    </ClCompile>
    <ClCompile Include="../cl_dll/statusbar.cpp">
      <Filter>Source Files</Filter>
    </ClCompile>
    <ClCompile Include="../cl_dll/text_message.cpp">
      <Filter>Source Files</Filter>
    </ClCompile>
    <ClCompile Include="../cl_dll/train.cpp">
      <Filter>Source Files</Filter>
    </ClCompile>
    <ClCompile Include="../cl_dll/util.cpp">
      <Filter>Source Files</Filter>
    </ClCompile>
    <ClCompile Include="../cl_dll/MOTD.cpp">
      <Filter>Source Files</Filter>
    </ClCompile>
    <ClCompile Include="../cl_dll/scoreboard.cpp">
      <Filter>Source Files</Filter>
    </ClCompile>
    <ClCompile Include="../cl_dll/money.cpp">
      <Filter>Source Files</Filter>
    </ClCompile>
    <ClCompile Include="../cl_dll/timer.cpp">
      <Filter>Source Files</Filter>
    </ClCompile>
  </ItemGroup>
  <ItemGroup>
    <ClInclude Include="../cl_dll/parsemsg.h">
      <Filter>Source Files</Filter>
    </ClInclude>
    <ClInclude Include="../cl_dll/ammo.h">
      <Filter>Header Files</Filter>
    </ClInclude>
    <ClInclude Include="../cl_dll/ammohistory.h">
      <Filter>Header Files</Filter>
    </ClInclude>
    <ClInclude Include="../cl_dll/cl_dll.h">
      <Filter>Header Files</Filter>
    </ClInclude>
    <ClInclude Include="../cl_dll/health.h">
      <Filter>Header Files</Filter>
    </ClInclude>
    <ClInclude Include="../cl_dll/hud.h">
      <Filter>Header Files</Filter>
    </ClInclude>
    <ClInclude Include="../cl_dll/util.h">
      <Filter>Header Files</Filter>
    </ClInclude>
    <ClInclude Include="../cl_dll/util_vector.h">
      <Filter>Header Files</Filter>
    </ClInclude>
  </ItemGroup>
</Project>