
Microsoft Visual Studio Solution File, Format Version 12.00
# Visual Studio Version 16
VisualStudioVersion = 16.0.31424.327
MinimumVisualStudioVersion = 10.0.40219.1
Project("{8BC9CEB8-8B4A-11D0-8D11-00A0C91BC942}") = "cl_dll", "cl_dll.vcxproj", "{AF3FB09F-336F-427E-A3A4-FBA2881A45F3}"
EndProject
Global
	GlobalSection(SolutionConfigurationPlatforms) = preSolution
		Debug|x86 = Debug|x86
		Release|x86 = Release|x86
	EndGlobalSection
	GlobalSection(ProjectConfigurationPlatforms) = postSolution
		{AF3FB09F-336F-427E-A3A4-FBA2881A45F3}.Debug|x86.ActiveCfg = Debug|Win32
		{AF3FB09F-336F-427E-A3A4-FBA2881A45F3}.Debug|x86.Build.0 = Debug|Win32
		{AF3FB09F-336F-427E-A3A4-FBA2881A45F3}.Release|x86.ActiveCfg = Release|Win32
		{AF3FB09F-336F-427E-A3A4-FBA2881A45F3}.Release|x86.Build.0 = Release|Win32
	EndGlobalSection
	GlobalSection(SolutionProperties) = preSolution
		HideSolutionNode = FALSE
	EndGlobalSection
	GlobalSection(ExtensibilityGlobals) = postSolution
		SolutionGuid = {8D975A85-B725-4B54-94FA-5500EE658D5C}
	EndGlobalSection
EndGlobal
